
Microsoft Visual Studio Solution File, Format Version 12.00
# Visual Studio 2017
Project("{FAE04EC0-301F-11D3-BF4B-00C04F79EFBC}") = "The-Rain-Never-Stops", "The-Rain-Never-Stops.csproj", "{81EACC80-15C6-30A1-AC88-F552EE92C109}"
EndProject
Project("{FAE04EC0-301F-11D3-BF4B-00C04F79EFBC}") = "The-Rain-Never-Stops.Editor", "The-Rain-Never-Stops.Editor.csproj", "{19A9CAA3-16BE-8CF1-7D86-47208CB65B6E}"
EndProject
Global
	GlobalSection(SolutionConfigurationPlatforms) = preSolution
		Debug|Any CPU = Debug|Any CPU
		Release|Any CPU = Release|Any CPU
	EndGlobalSection
	GlobalSection(ProjectConfigurationPlatforms) = postSolution
		{81EACC80-15C6-30A1-AC88-F552EE92C109}.Debug|Any CPU.ActiveCfg = Debug|Any CPU
		{81EACC80-15C6-30A1-AC88-F552EE92C109}.Debug|Any CPU.Build.0 = Debug|Any CPU
		{81EACC80-15C6-30A1-AC88-F552EE92C109}.Release|Any CPU.ActiveCfg = Release|Any CPU
		{81EACC80-15C6-30A1-AC88-F552EE92C109}.Release|Any CPU.Build.0 = Release|Any CPU
		{19A9CAA3-16BE-8CF1-7D86-47208CB65B6E}.Debug|Any CPU.ActiveCfg = Debug|Any CPU
		{19A9CAA3-16BE-8CF1-7D86-47208CB65B6E}.Debug|Any CPU.Build.0 = Debug|Any CPU
		{19A9CAA3-16BE-8CF1-7D86-47208CB65B6E}.Release|Any CPU.ActiveCfg = Release|Any CPU
		{19A9CAA3-16BE-8CF1-7D86-47208CB65B6E}.Release|Any CPU.Build.0 = Release|Any CPU
	EndGlobalSection
	GlobalSection(SolutionProperties) = preSolution
		HideSolutionNode = FALSE
	EndGlobalSection
EndGlobal
